
Microsoft Visual Studio Solution File, Format Version 12.00
# Visual Studio Version 17
VisualStudioVersion = 17.5.002.0
MinimumVisualStudioVersion = 10.0.40219.1
Project("{2150E333-8FDC-42A3-9474-1A3956D46DE8}") = "csharp-prep", "csharp-prep", "{99A763B4-1CDF-4525-A5C2-CCBBC39BA4AD}"
EndProject
Project("{9A19103F-16F7-4668-BE54-9A1E7A4F7556}") = "Prep4", "csharp-prep\Prep4\Prep4.csproj", "{279049F8-A40F-40EB-99B3-3F448F0FB364}"
EndProject
Project("{9A19103F-16F7-4668-BE54-9A1E7A4F7556}") = "Prep1", "csharp-prep\Prep1\Prep1.csproj", "{8C7B4281-B285-48AF-BA66-C7B45B00BCE0}"
EndProject
Project("{9A19103F-16F7-4668-BE54-9A1E7A4F7556}") = "Prep5", "csharp-prep\Prep5\Prep5.csproj", "{D3B1A91A-9CA4-4DFA-B6A7-9E9FC64EAE19}"
EndProject
Project("{9A19103F-16F7-4668-BE54-9A1E7A4F7556}") = "Prep3", "csharp-prep\Prep3\Prep3.csproj", "{4AE89534-9319-4E95-B788-2464DCF307E7}"
EndProject
Project("{9A19103F-16F7-4668-BE54-9A1E7A4F7556}") = "Prep2", "csharp-prep\Prep2\Prep2.csproj", "{2298100F-0415-446A-997B-AA608C4DBDC8}"
EndProject
Project("{2150E333-8FDC-42A3-9474-1A3956D46DE8}") = "prepare", "prepare", "{2ECC3A60-26DF-49C8-A07D-D41D20265AB7}"
EndProject
Project("{9A19103F-16F7-4668-BE54-9A1E7A4F7556}") = "Learning05", "prepare\Learning05\Learning05.csproj", "{207A16A8-C69B-4A10-A50F-3F1DDCB053C2}"
EndProject
Project("{9A19103F-16F7-4668-BE54-9A1E7A4F7556}") = "Learning02", "prepare\Learning02\Learning02.csproj", "{94A8909A-5B8A-4E37-A64F-C2E49220BD68}"
EndProject
Project("{9A19103F-16F7-4668-BE54-9A1E7A4F7556}") = "Learning04", "prepare\Learning04\Learning04.csproj", "{6EBF2041-4C38-4B11-9868-0F0D3BDA53C0}"
EndProject
Project("{9A19103F-16F7-4668-BE54-9A1E7A4F7556}") = "Learning03", "prepare\Learning03\Learning03.csproj", "{71040A38-C843-4DE0-A8CE-DF700DB2975B}"
EndProject
Project("{2150E333-8FDC-42A3-9474-1A3956D46DE8}") = "sandbox", "sandbox", "{EC615F16-8E80-41A7-AD78-1F31020AB9D8}"
EndProject
Project("{9A19103F-16F7-4668-BE54-9A1E7A4F7556}") = "Sandbox", "sandbox\Sandbox\Sandbox.csproj", "{08046AB6-85E4-4C80-B58E-A3732301ABA6}"
EndProject
Project("{2150E333-8FDC-42A3-9474-1A3956D46DE8}") = "prove", "prove", "{6B20D209-C320-40CD-ABE8-9206CA2FA4F3}"
EndProject
Project("{9A19103F-16F7-4668-BE54-9A1E7A4F7556}") = "Develop03", "prove\Develop03\Develop03.csproj", "{D30A662F-87ED-436E-9499-9F48865B6836}"
EndProject
Project("{9A19103F-16F7-4668-BE54-9A1E7A4F7556}") = "Develop02", "prove\Develop02\Develop02.csproj", "{329C645E-67DA-43C8-A93A-6A8961E9DA29}"
EndProject
Project("{9A19103F-16F7-4668-BE54-9A1E7A4F7556}") = "Develop04", "prove\Develop04\Develop04.csproj", "{70FDF2AD-40DE-454B-AAB6-01510BC45411}"
EndProject
Project("{9A19103F-16F7-4668-BE54-9A1E7A4F7556}") = "Develop05", "prove\Develop05\Develop05.csproj", "{19C11FF7-A143-479E-BDF8-672E70D1C112}"
EndProject
Project("{2150E333-8FDC-42A3-9474-1A3956D46DE8}") = "final", "final", "{9B21C9AA-26BA-4FAD-8736-EF3335B29475}"
EndProject
Project("{9A19103F-16F7-4668-BE54-9A1E7A4F7556}") = "Foundation4", "final\Foundation4\Foundation4.csproj", "{18D69CE5-3C8F-4701-AAE9-792FC3D87324}"
EndProject
Project("{9A19103F-16F7-4668-BE54-9A1E7A4F7556}") = "FinalProject", "final\FinalProject\FinalProject.csproj", "{61CF7320-A048-41A1-97C5-4475889F8A32}"
EndProject
Project("{9A19103F-16F7-4668-BE54-9A1E7A4F7556}") = "Foundation1", "final\Foundation1\Foundation1.csproj", "{C42B3887-BC6F-4EDD-9863-8836311CCF50}"
EndProject
Project("{9A19103F-16F7-4668-BE54-9A1E7A4F7556}") = "Foundation3", "final\Foundation3\Foundation3.csproj", "{D55B1F13-2379-440B-A392-31E81413AF9E}"
EndProject
Project("{9A19103F-16F7-4668-BE54-9A1E7A4F7556}") = "Foundation2", "final\Foundation2\Foundation2.csproj", "{54F41FDA-5C4B-4F81-95EF-1B6CD5A2636B}"
EndProject
Global
	GlobalSection(SolutionConfigurationPlatforms) = preSolution
		Debug|Any CPU = Debug|Any CPU
		Release|Any CPU = Release|Any CPU
	EndGlobalSection
	GlobalSection(ProjectConfigurationPlatforms) = postSolution
		{279049F8-A40F-40EB-99B3-3F448F0FB364}.Debug|Any CPU.ActiveCfg = Debug|Any CPU
		{279049F8-A40F-40EB-99B3-3F448F0FB364}.Debug|Any CPU.Build.0 = Debug|Any CPU
		{279049F8-A40F-40EB-99B3-3F448F0FB364}.Release|Any CPU.ActiveCfg = Release|Any CPU
		{279049F8-A40F-40EB-99B3-3F448F0FB364}.Release|Any CPU.Build.0 = Release|Any CPU
		{8C7B4281-B285-48AF-BA66-C7B45B00BCE0}.Debug|Any CPU.ActiveCfg = Debug|Any CPU
		{8C7B4281-B285-48AF-BA66-C7B45B00BCE0}.Debug|Any CPU.Build.0 = Debug|Any CPU
		{8C7B4281-B285-48AF-BA66-C7B45B00BCE0}.Release|Any CPU.ActiveCfg = Release|Any CPU
		{8C7B4281-B285-48AF-BA66-C7B45B00BCE0}.Release|Any CPU.Build.0 = Release|Any CPU
		{D3B1A91A-9CA4-4DFA-B6A7-9E9FC64EAE19}.Debug|Any CPU.ActiveCfg = Debug|Any CPU
		{D3B1A91A-9CA4-4DFA-B6A7-9E9FC64EAE19}.Debug|Any CPU.Build.0 = Debug|Any CPU
		{D3B1A91A-9CA4-4DFA-B6A7-9E9FC64EAE19}.Release|Any CPU.ActiveCfg = Release|Any CPU
		{D3B1A91A-9CA4-4DFA-B6A7-9E9FC64EAE19}.Release|Any CPU.Build.0 = Release|Any CPU
		{4AE89534-9319-4E95-B788-2464DCF307E7}.Debug|Any CPU.ActiveCfg = Debug|Any CPU
		{4AE89534-9319-4E95-B788-2464DCF307E7}.Debug|Any CPU.Build.0 = Debug|Any CPU
		{4AE89534-9319-4E95-B788-2464DCF307E7}.Release|Any CPU.ActiveCfg = Release|Any CPU
		{4AE89534-9319-4E95-B788-2464DCF307E7}.Release|Any CPU.Build.0 = Release|Any CPU
		{2298100F-0415-446A-997B-AA608C4DBDC8}.Debug|Any CPU.ActiveCfg = Debug|Any CPU
		{2298100F-0415-446A-997B-AA608C4DBDC8}.Debug|Any CPU.Build.0 = Debug|Any CPU
		{2298100F-0415-446A-997B-AA608C4DBDC8}.Release|Any CPU.ActiveCfg = Release|Any CPU
		{2298100F-0415-446A-997B-AA608C4DBDC8}.Release|Any CPU.Build.0 = Release|Any CPU
		{207A16A8-C69B-4A10-A50F-3F1DDCB053C2}.Debug|Any CPU.ActiveCfg = Debug|Any CPU
		{207A16A8-C69B-4A10-A50F-3F1DDCB053C2}.Debug|Any CPU.Build.0 = Debug|Any CPU
		{207A16A8-C69B-4A10-A50F-3F1DDCB053C2}.Release|Any CPU.ActiveCfg = Release|Any CPU
		{207A16A8-C69B-4A10-A50F-3F1DDCB053C2}.Release|Any CPU.Build.0 = Release|Any CPU
		{94A8909A-5B8A-4E37-A64F-C2E49220BD68}.Debug|Any CPU.ActiveCfg = Debug|Any CPU
		{94A8909A-5B8A-4E37-A64F-C2E49220BD68}.Debug|Any CPU.Build.0 = Debug|Any CPU
		{94A8909A-5B8A-4E37-A64F-C2E49220BD68}.Release|Any CPU.ActiveCfg = Release|Any CPU
		{94A8909A-5B8A-4E37-A64F-C2E49220BD68}.Release|Any CPU.Build.0 = Release|Any CPU
		{6EBF2041-4C38-4B11-9868-0F0D3BDA53C0}.Debug|Any CPU.ActiveCfg = Debug|Any CPU
		{6EBF2041-4C38-4B11-9868-0F0D3BDA53C0}.Debug|Any CPU.Build.0 = Debug|Any CPU
		{6EBF2041-4C38-4B11-9868-0F0D3BDA53C0}.Release|Any CPU.ActiveCfg = Release|Any CPU
		{6EBF2041-4C38-4B11-9868-0F0D3BDA53C0}.Release|Any CPU.Build.0 = Release|Any CPU
		{71040A38-C843-4DE0-A8CE-DF700DB2975B}.Debug|Any CPU.ActiveCfg = Debug|Any CPU
		{71040A38-C843-4DE0-A8CE-DF700DB2975B}.Debug|Any CPU.Build.0 = Debug|Any CPU
		{71040A38-C843-4DE0-A8CE-DF700DB2975B}.Release|Any CPU.ActiveCfg = Release|Any CPU
		{71040A38-C843-4DE0-A8CE-DF700DB2975B}.Release|Any CPU.Build.0 = Release|Any CPU
		{08046AB6-85E4-4C80-B58E-A3732301ABA6}.Debug|Any CPU.ActiveCfg = Debug|Any CPU
		{08046AB6-85E4-4C80-B58E-A3732301ABA6}.Debug|Any CPU.Build.0 = Debug|Any CPU
		{08046AB6-85E4-4C80-B58E-A3732301ABA6}.Release|Any CPU.ActiveCfg = Release|Any CPU
		{08046AB6-85E4-4C80-B58E-A3732301ABA6}.Release|Any CPU.Build.0 = Release|Any CPU
		{D30A662F-87ED-436E-9499-9F48865B6836}.Debug|Any CPU.ActiveCfg = Debug|Any CPU
		{D30A662F-87ED-436E-9499-9F48865B6836}.Debug|Any CPU.Build.0 = Debug|Any CPU
		{D30A662F-87ED-436E-9499-9F48865B6836}.Release|Any CPU.ActiveCfg = Release|Any CPU
		{D30A662F-87ED-436E-9499-9F48865B6836}.Release|Any CPU.Build.0 = Release|Any CPU
		{329C645E-67DA-43C8-A93A-6A8961E9DA29}.Debug|Any CPU.ActiveCfg = Debug|Any CPU
		{329C645E-67DA-43C8-A93A-6A8961E9DA29}.Debug|Any CPU.Build.0 = Debug|Any CPU
		{329C645E-67DA-43C8-A93A-6A8961E9DA29}.Release|Any CPU.ActiveCfg = Release|Any CPU
		{329C645E-67DA-43C8-A93A-6A8961E9DA29}.Release|Any CPU.Build.0 = Release|Any CPU
		{70FDF2AD-40DE-454B-AAB6-01510BC45411}.Debug|Any CPU.ActiveCfg = Debug|Any CPU
		{70FDF2AD-40DE-454B-AAB6-01510BC45411}.Debug|Any CPU.Build.0 = Debug|Any CPU
		{70FDF2AD-40DE-454B-AAB6-01510BC45411}.Release|Any CPU.ActiveCfg = Release|Any CPU
		{70FDF2AD-40DE-454B-AAB6-01510BC45411}.Release|Any CPU.Build.0 = Release|Any CPU
		{19C11FF7-A143-479E-BDF8-672E70D1C112}.Debug|Any CPU.ActiveCfg = Debug|Any CPU
		{19C11FF7-A143-479E-BDF8-672E70D1C112}.Debug|Any CPU.Build.0 = Debug|Any CPU
		{19C11FF7-A143-479E-BDF8-672E70D1C112}.Release|Any CPU.ActiveCfg = Release|Any CPU
		{19C11FF7-A143-479E-BDF8-672E70D1C112}.Release|Any CPU.Build.0 = Release|Any CPU
		{18D69CE5-3C8F-4701-AAE9-792FC3D87324}.Debug|Any CPU.ActiveCfg = Debug|Any CPU
		{18D69CE5-3C8F-4701-AAE9-792FC3D87324}.Debug|Any CPU.Build.0 = Debug|Any CPU
		{18D69CE5-3C8F-4701-AAE9-792FC3D87324}.Release|Any CPU.ActiveCfg = Release|Any CPU
		{18D69CE5-3C8F-4701-AAE9-792FC3D87324}.Release|Any CPU.Build.0 = Release|Any CPU
		{61CF7320-A048-41A1-97C5-4475889F8A32}.Debug|Any CPU.ActiveCfg = Debug|Any CPU
		{61CF7320-A048-41A1-97C5-4475889F8A32}.Debug|Any CPU.Build.0 = Debug|Any CPU
		{61CF7320-A048-41A1-97C5-4475889F8A32}.Release|Any CPU.ActiveCfg = Release|Any CPU
		{61CF7320-A048-41A1-97C5-4475889F8A32}.Release|Any CPU.Build.0 = Release|Any CPU
		{C42B3887-BC6F-4EDD-9863-8836311CCF50}.Debug|Any CPU.ActiveCfg = Debug|Any CPU
		{C42B3887-BC6F-4EDD-9863-8836311CCF50}.Debug|Any CPU.Build.0 = Debug|Any CPU
		{C42B3887-BC6F-4EDD-9863-8836311CCF50}.Release|Any CPU.ActiveCfg = Release|Any CPU
		{C42B3887-BC6F-4EDD-9863-8836311CCF50}.Release|Any CPU.Build.0 = Release|Any CPU
		{D55B1F13-2379-440B-A392-31E81413AF9E}.Debug|Any CPU.ActiveCfg = Debug|Any CPU
		{D55B1F13-2379-440B-A392-31E81413AF9E}.Debug|Any CPU.Build.0 = Debug|Any CPU
		{D55B1F13-2379-440B-A392-31E81413AF9E}.Release|Any CPU.ActiveCfg = Release|Any CPU
		{D55B1F13-2379-440B-A392-31E81413AF9E}.Release|Any CPU.Build.0 = Release|Any CPU
		{54F41FDA-5C4B-4F81-95EF-1B6CD5A2636B}.Debug|Any CPU.ActiveCfg = Debug|Any CPU
		{54F41FDA-5C4B-4F81-95EF-1B6CD5A2636B}.Debug|Any CPU.Build.0 = Debug|Any CPU
		{54F41FDA-5C4B-4F81-95EF-1B6CD5A2636B}.Release|Any CPU.ActiveCfg = Release|Any CPU
		{54F41FDA-5C4B-4F81-95EF-1B6CD5A2636B}.Release|Any CPU.Build.0 = Release|Any CPU
	EndGlobalSection
	GlobalSection(SolutionProperties) = preSolution
		HideSolutionNode = FALSE
	EndGlobalSection
	GlobalSection(NestedProjects) = preSolution
		{279049F8-A40F-40EB-99B3-3F448F0FB364} = {99A763B4-1CDF-4525-A5C2-CCBBC39BA4AD}
		{8C7B4281-B285-48AF-BA66-C7B45B00BCE0} = {99A763B4-1CDF-4525-A5C2-CCBBC39BA4AD}
		{D3B1A91A-9CA4-4DFA-B6A7-9E9FC64EAE19} = {99A763B4-1CDF-4525-A5C2-CCBBC39BA4AD}
		{4AE89534-9319-4E95-B788-2464DCF307E7} = {99A763B4-1CDF-4525-A5C2-CCBBC39BA4AD}
		{2298100F-0415-446A-997B-AA608C4DBDC8} = {99A763B4-1CDF-4525-A5C2-CCBBC39BA4AD}
		{207A16A8-C69B-4A10-A50F-3F1DDCB053C2} = {2ECC3A60-26DF-49C8-A07D-D41D20265AB7}
		{94A8909A-5B8A-4E37-A64F-C2E49220BD68} = {2ECC3A60-26DF-49C8-A07D-D41D20265AB7}
		{6EBF2041-4C38-4B11-9868-0F0D3BDA53C0} = {2ECC3A60-26DF-49C8-A07D-D41D20265AB7}
		{71040A38-C843-4DE0-A8CE-DF700DB2975B} = {2ECC3A60-26DF-49C8-A07D-D41D20265AB7}
		{08046AB6-85E4-4C80-B58E-A3732301ABA6} = {EC615F16-8E80-41A7-AD78-1F31020AB9D8}
		{D30A662F-87ED-436E-9499-9F48865B6836} = {6B20D209-C320-40CD-ABE8-9206CA2FA4F3}
		{329C645E-67DA-43C8-A93A-6A8961E9DA29} = {6B20D209-C320-40CD-ABE8-9206CA2FA4F3}
		{70FDF2AD-40DE-454B-AAB6-01510BC45411} = {6B20D209-C320-40CD-ABE8-9206CA2FA4F3}
		{19C11FF7-A143-479E-BDF8-672E70D1C112} = {6B20D209-C320-40CD-ABE8-9206CA2FA4F3}
		{18D69CE5-3C8F-4701-AAE9-792FC3D87324} = {9B21C9AA-26BA-4FAD-8736-EF3335B29475}
		{61CF7320-A048-41A1-97C5-4475889F8A32} = {9B21C9AA-26BA-4FAD-8736-EF3335B29475}
		{C42B3887-BC6F-4EDD-9863-8836311CCF50} = {9B21C9AA-26BA-4FAD-8736-EF3335B29475}
		{D55B1F13-2379-440B-A392-31E81413AF9E} = {9B21C9AA-26BA-4FAD-8736-EF3335B29475}
		{54F41FDA-5C4B-4F81-95EF-1B6CD5A2636B} = {9B21C9AA-26BA-4FAD-8736-EF3335B29475}
	EndGlobalSection
	GlobalSection(ExtensibilityGlobals) = postSolution
		SolutionGuid = {8935EEEB-F2A7-4F51-91DD-F1E08781133D}
	EndGlobalSection
EndGlobal
